{
  "originHash" : "702d04793790e5ce38ad74daef0ec14b2e1ebca27f976f1c2168e3d208ea5de2",
  "pins" : [
    {
      "identity" : "iamjarl-design",
      "kind" : "remoteSourceControl",
      "location" : "https://github.com/jarllyng/iamjarl-design.git",
      "state" : {
        "revision" : "42ce0eecc59c37288a447b8feb3e6b6c49a0bf89",
        "version" : "0.2.0"
      }
    },
    {
      "identity" : "sentry-cocoa",
      "kind" : "remoteSourceControl",
      "location" : "https://github.com/getsentry/sentry-cocoa",
      "state" : {
        "revision" : "16cd512711375fa73f25ae5e373f596bdf4251ae",
        "version" : "8.58.0"
      }
    }
  ],
  "version" : 3
}
