// !$*UTF8*$!
{
	archiveVersion = 1;
	classes = {
	};
	objectVersion = 77;
	objects = {

/* Begin PBXBuildFile section */
		2F647BBB2F50F6F900492039 /* Sentry-Dynamic in Frameworks */ = {isa = PBXBuildFile; platformFilter = ios; productRef = 2FF206162F427B0000AD0B00 /* Sentry-Dynamic */; };
		2FA1B2C42F60000000000004 /* IAMJARLDesignTokens in Frameworks */ = {isa = PBXBuildFile; productRef = 2FA1B2C42F60000000000002 /* IAMJARLDesignTokens */; };
		2FA1B2C42F60000000000005 /* IAMJARLDesignTokens in Frameworks */ = {isa = PBXBuildFile; productRef = 2FA1B2C42F60000000000003 /* IAMJARLDesignTokens */; };
		2FF206072F427B0000AD0B00 /* WODrounds Watch.app in Embed Watch Content */ = {isa = PBXBuildFile; fileRef = 2FF206002F427B0000AD0B00 /* WODrounds Watch.app */; platformFilter = ios; settings = {ATTRIBUTES = (RemoveHeadersOnCopy, ); }; };
/* End PBXBuildFile section */

/* Begin PBXContainerItemProxy section */
		2FF204522F427AEA00AD0B00 /* PBXContainerItemProxy */ = {
			isa = PBXContainerItemProxy;
			containerPortal = 2FF2043C2F427AE600AD0B00 /* Project object */;
			proxyType = 1;
			remoteGlobalIDString = 2FF204432F427AE600AD0B00;
			remoteInfo = WODrounds;
		};
		2FF2045C2F427AEA00AD0B00 /* PBXContainerItemProxy */ = {
			isa = PBXContainerItemProxy;
			containerPortal = 2FF2043C2F427AE600AD0B00 /* Project object */;
			proxyType = 1;
			remoteGlobalIDString = 2FF204432F427AE600AD0B00;
			remoteInfo = WODrounds;
		};
		2FF2060A2F427B0000AD0B00 /* PBXContainerItemProxy */ = {
			isa = PBXContainerItemProxy;
			containerPortal = 2FF2043C2F427AE600AD0B00 /* Project object */;
			proxyType = 1;
			remoteGlobalIDString = 2FF206082F427B0000AD0B00;
			remoteInfo = "WODrounds Watch";
		};
/* End PBXContainerItemProxy section */

/* Begin PBXCopyFilesBuildPhase section */
		2FF206062F427B0000AD0B00 /* Embed Watch Content */ = {
			isa = PBXCopyFilesBuildPhase;
			buildActionMask = 2147483647;
			dstPath = Watch;
			dstSubfolderSpec = 1;
			files = (
				2FF206072F427B0000AD0B00 /* WODrounds Watch.app in Embed Watch Content */,
			);
			name = "Embed Watch Content";
			runOnlyForDeploymentPostprocessing = 0;
		};
/* End PBXCopyFilesBuildPhase section */

/* Begin PBXFileReference section */
		2FF204442F427AE600AD0B00 /* WODrounds.app */ = {isa = PBXFileReference; explicitFileType = wrapper.application; includeInIndex = 0; path = WODrounds.app; sourceTree = BUILT_PRODUCTS_DIR; };
		2FF204512F427AEA00AD0B00 /* WODroundsTests.xctest */ = {isa = PBXFileReference; explicitFileType = wrapper.cfbundle; includeInIndex = 0; path = WODroundsTests.xctest; sourceTree = BUILT_PRODUCTS_DIR; };
		2FF2045B2F427AEA00AD0B00 /* WODroundsUITests.xctest */ = {isa = PBXFileReference; explicitFileType = wrapper.cfbundle; includeInIndex = 0; path = WODroundsUITests.xctest; sourceTree = BUILT_PRODUCTS_DIR; };
		2FF206002F427B0000AD0B00 /* WODrounds Watch.app */ = {isa = PBXFileReference; explicitFileType = wrapper.application; includeInIndex = 0; path = "WODrounds Watch.app"; sourceTree = BUILT_PRODUCTS_DIR; };
		2FF206142F427B0000AD0B00 /* Sentry.xcconfig */ = {isa = PBXFileReference; lastKnownFileType = text.xcconfig; path = Sentry.xcconfig; sourceTree = "<group>"; };
/* End PBXFileReference section */

/* Begin PBXFileSystemSynchronizedRootGroup section */
		2FF204462F427AE600AD0B00 /* WODrounds */ = {
			isa = PBXFileSystemSynchronizedRootGroup;
			path = WODrounds;
			sourceTree = "<group>";
		};
		2FF204542F427AEA00AD0B00 /* WODroundsTests */ = {
			isa = PBXFileSystemSynchronizedRootGroup;
			path = WODroundsTests;
			sourceTree = "<group>";
		};
		2FF2045E2F427AEA00AD0B00 /* WODroundsUITests */ = {
			isa = PBXFileSystemSynchronizedRootGroup;
			path = WODroundsUITests;
			sourceTree = "<group>";
		};
		2FF206012F427B0000AD0B00 /* WODroundsWatch */ = {
			isa = PBXFileSystemSynchronizedRootGroup;
			path = WODroundsWatch;
			sourceTree = "<group>";
		};
		2FF2060F2F427B0000AD0B00 /* Shared */ = {
			isa = PBXFileSystemSynchronizedRootGroup;
			path = Shared;
			sourceTree = "<group>";
		};
/* End PBXFileSystemSynchronizedRootGroup section */

/* Begin PBXFrameworksBuildPhase section */
		2FF204412F427AE600AD0B00 /* Frameworks */ = {
			isa = PBXFrameworksBuildPhase;
			buildActionMask = 2147483647;
			files = (
				2F647BBB2F50F6F900492039 /* Sentry-Dynamic in Frameworks */,
				2FA1B2C42F60000000000004 /* IAMJARLDesignTokens in Frameworks */,
			);
			runOnlyForDeploymentPostprocessing = 0;
		};
		2FF2044E2F427AEA00AD0B00 /* Frameworks */ = {
			isa = PBXFrameworksBuildPhase;
			buildActionMask = 2147483647;
			files = (
			);
			runOnlyForDeploymentPostprocessing = 0;
		};
		2FF204582F427AEA00AD0B00 /* Frameworks */ = {
			isa = PBXFrameworksBuildPhase;
			buildActionMask = 2147483647;
			files = (
			);
			runOnlyForDeploymentPostprocessing = 0;
		};
		2FF206042F427B0000AD0B00 /* Frameworks */ = {
			isa = PBXFrameworksBuildPhase;
			buildActionMask = 2147483647;
			files = (
				2FA1B2C42F60000000000005 /* IAMJARLDesignTokens in Frameworks */,
			);
			runOnlyForDeploymentPostprocessing = 0;
		};
/* End PBXFrameworksBuildPhase section */

/* Begin PBXGroup section */
		2FF2043B2F427AE600AD0B00 = {
			isa = PBXGroup;
			children = (
				2FF204462F427AE600AD0B00 /* WODrounds */,
				2FF2060F2F427B0000AD0B00 /* Shared */,
				2FF206012F427B0000AD0B00 /* WODroundsWatch */,
				2FF204542F427AEA00AD0B00 /* WODroundsTests */,
				2FF2045E2F427AEA00AD0B00 /* WODroundsUITests */,
				2FF206142F427B0000AD0B00 /* Sentry.xcconfig */,
				2FF204452F427AE600AD0B00 /* Products */,
			);
			sourceTree = "<group>";
		};
		2FF204452F427AE600AD0B00 /* Products */ = {
			isa = PBXGroup;
			children = (
				2FF204442F427AE600AD0B00 /* WODrounds.app */,
				2FF206002F427B0000AD0B00 /* WODrounds Watch.app */,
				2FF204512F427AEA00AD0B00 /* WODroundsTests.xctest */,
				2FF2045B2F427AEA00AD0B00 /* WODroundsUITests.xctest */,
			);
			name = Products;
			sourceTree = "<group>";
		};
/* End PBXGroup section */

/* Begin PBXNativeTarget section */
		2FF204432F427AE600AD0B00 /* WODrounds */ = {
			isa = PBXNativeTarget;
			buildConfigurationList = 2FF204652F427AEA00AD0B00 /* Build configuration list for PBXNativeTarget "WODrounds" */;
			buildPhases = (
				2FF204402F427AE600AD0B00 /* Sources */,
				2FF204412F427AE600AD0B00 /* Frameworks */,
				2FF204422F427AE600AD0B00 /* Resources */,
				2FF206062F427B0000AD0B00 /* Embed Watch Content */,
				2FF206112F427B0000AD0B00 /* Strip Watch for Mac */,
			);
			buildRules = (
			);
			dependencies = (
				2FF206092F427B0000AD0B00 /* PBXTargetDependency */,
			);
			fileSystemSynchronizedGroups = (
				2FF204462F427AE600AD0B00 /* WODrounds */,
				2FF2060F2F427B0000AD0B00 /* Shared */,
			);
			name = WODrounds;
			packageProductDependencies = (
				2FF206162F427B0000AD0B00 /* Sentry-Dynamic */,
				2FA1B2C42F60000000000002 /* IAMJARLDesignTokens */,
			);
			productName = WODrounds;
			productReference = 2FF204442F427AE600AD0B00 /* WODrounds.app */;
			productType = "com.apple.product-type.application";
		};
		2FF204502F427AEA00AD0B00 /* WODroundsTests */ = {
			isa = PBXNativeTarget;
			buildConfigurationList = 2FF204682F427AEA00AD0B00 /* Build configuration list for PBXNativeTarget "WODroundsTests" */;
			buildPhases = (
				2FF2044D2F427AEA00AD0B00 /* Sources */,
				2FF2044E2F427AEA00AD0B00 /* Frameworks */,
				2FF2044F2F427AEA00AD0B00 /* Resources */,
			);
			buildRules = (
			);
			dependencies = (
				2FF204532F427AEA00AD0B00 /* PBXTargetDependency */,
			);
			fileSystemSynchronizedGroups = (
				2FF204542F427AEA00AD0B00 /* WODroundsTests */,
			);
			name = WODroundsTests;
			packageProductDependencies = (
			);
			productName = WODroundsTests;
			productReference = 2FF204512F427AEA00AD0B00 /* WODroundsTests.xctest */;
			productType = "com.apple.product-type.bundle.unit-test";
		};
		2FF2045A2F427AEA00AD0B00 /* WODroundsUITests */ = {
			isa = PBXNativeTarget;
			buildConfigurationList = 2FF2046B2F427AEA00AD0B00 /* Build configuration list for PBXNativeTarget "WODroundsUITests" */;
			buildPhases = (
				2FF204572F427AEA00AD0B00 /* Sources */,
				2FF204582F427AEA00AD0B00 /* Frameworks */,
				2FF204592F427AEA00AD0B00 /* Resources */,
			);
			buildRules = (
			);
			dependencies = (
				2FF2045D2F427AEA00AD0B00 /* PBXTargetDependency */,
			);
			fileSystemSynchronizedGroups = (
				2FF2045E2F427AEA00AD0B00 /* WODroundsUITests */,
			);
			name = WODroundsUITests;
			packageProductDependencies = (
			);
			productName = WODroundsUITests;
			productReference = 2FF2045B2F427AEA00AD0B00 /* WODroundsUITests.xctest */;
			productType = "com.apple.product-type.bundle.ui-testing";
		};
		2FF206082F427B0000AD0B00 /* WODrounds Watch */ = {
			isa = PBXNativeTarget;
			buildConfigurationList = 2FF2060D2F427B0000AD0B00 /* Build configuration list for PBXNativeTarget "WODrounds Watch" */;
			buildPhases = (
				2FF206032F427B0000AD0B00 /* Sources */,
				2FF206042F427B0000AD0B00 /* Frameworks */,
				2FF206052F427B0000AD0B00 /* Resources */,
				2FF206132F427B0000AD0B00 /* Set Watch App Category */,
			);
			buildRules = (
			);
			dependencies = (
			);
			fileSystemSynchronizedGroups = (
				2FF206012F427B0000AD0B00 /* WODroundsWatch */,
				2FF2060F2F427B0000AD0B00 /* Shared */,
			);
			name = "WODrounds Watch";
			packageProductDependencies = (
				2FA1B2C42F60000000000003 /* IAMJARLDesignTokens */,
			);
			productName = "WODrounds Watch";
			productReference = 2FF206002F427B0000AD0B00 /* WODrounds Watch.app */;
			productType = "com.apple.product-type.application";
		};
/* End PBXNativeTarget section */

/* Begin PBXProject section */
		2FF2043C2F427AE600AD0B00 /* Project object */ = {
			isa = PBXProject;
			attributes = {
				BuildIndependentTargetsInParallel = 1;
				LastSwiftUpdateCheck = 2620;
				LastUpgradeCheck = 2630;
				TargetAttributes = {
					2FF204432F427AE600AD0B00 = {
						CreatedOnToolsVersion = 26.2;
						ProvisioningStyle = Automatic;
					};
					2FF204502F427AEA00AD0B00 = {
						CreatedOnToolsVersion = 26.2;
						TestTargetID = 2FF204432F427AE600AD0B00;
					};
					2FF2045A2F427AEA00AD0B00 = {
						CreatedOnToolsVersion = 26.2;
						TestTargetID = 2FF204432F427AE600AD0B00;
					};
					2FF206082F427B0000AD0B00 = {
						CreatedOnToolsVersion = 26.2;
						DevelopmentTeam = KDWZ3WNLDK;
						ProvisioningStyle = Automatic;
					};
				};
			};
			buildConfigurationList = 2FF2043F2F427AE600AD0B00 /* Build configuration list for PBXProject "WODrounds" */;
			developmentRegion = en;
			hasScannedForEncodings = 0;
			knownRegions = (
				en,
				Base,
				da,
			);
			mainGroup = 2FF2043B2F427AE600AD0B00;
			minimizedProjectReferenceProxies = 1;
			packageReferences = (
				2FF206152F427B0000AD0B00 /* XCRemoteSwiftPackageReference "sentry-cocoa" */,
				2FA1B2C42F60000000000001 /* XCRemoteSwiftPackageReference "iamjarl-design" */,
			);
			preferredProjectObjectVersion = 77;
			productRefGroup = 2FF204452F427AE600AD0B00 /* Products */;
			projectDirPath = "";
			projectRoot = "";
			targets = (
				2FF204432F427AE600AD0B00 /* WODrounds */,
				2FF206082F427B0000AD0B00 /* WODrounds Watch */,
				2FF204502F427AEA00AD0B00 /* WODroundsTests */,
				2FF2045A2F427AEA00AD0B00 /* WODroundsUITests */,
			);
		};
/* End PBXProject section */

/* Begin PBXResourcesBuildPhase section */
		2FF204422F427AE600AD0B00 /* Resources */ = {
			isa = PBXResourcesBuildPhase;
			buildActionMask = 2147483647;
			files = (
			);
			runOnlyForDeploymentPostprocessing = 0;
		};
		2FF2044F2F427AEA00AD0B00 /* Resources */ = {
			isa = PBXResourcesBuildPhase;
			buildActionMask = 2147483647;
			files = (
			);
			runOnlyForDeploymentPostprocessing = 0;
		};
		2FF204592F427AEA00AD0B00 /* Resources */ = {
			isa = PBXResourcesBuildPhase;
			buildActionMask = 2147483647;
			files = (
			);
			runOnlyForDeploymentPostprocessing = 0;
		};
		2FF206052F427B0000AD0B00 /* Resources */ = {
			isa = PBXResourcesBuildPhase;
			buildActionMask = 2147483647;
			files = (
			);
			runOnlyForDeploymentPostprocessing = 0;
		};
/* End PBXResourcesBuildPhase section */

/* Begin PBXShellScriptBuildPhase section */
		2FF206112F427B0000AD0B00 /* Strip Watch for Mac */ = {
			isa = PBXShellScriptBuildPhase;
			alwaysOutOfDate = 1;
			buildActionMask = 2147483647;
			files = (
			);
			inputFileListPaths = (
			);
			inputPaths = (
			);
			name = "Strip Watch for Mac";
			outputFileListPaths = (
			);
			outputPaths = (
			);
			runOnlyForDeploymentPostprocessing = 0;
			shellPath = /bin/sh;
			shellScript = "case \"$SDK_NAME\" in macosx*) rm -rf \"${BUILT_PRODUCTS_DIR}/${WRAPPER_NAME}/Watch\" ;; esac\n";
		};
		2FF206132F427B0000AD0B00 /* Set Watch App Category */ = {
			isa = PBXShellScriptBuildPhase;
			alwaysOutOfDate = 1;
			buildActionMask = 2147483647;
			files = (
			);
			inputFileListPaths = (
			);
			inputPaths = (
			);
			name = "Set Watch App Category";
			outputFileListPaths = (
			);
			outputPaths = (
			);
			runOnlyForDeploymentPostprocessing = 0;
			shellPath = /bin/sh;
			shellScript = "PLIST=\"${TARGET_BUILD_DIR}/${WRAPPER_NAME}/Info.plist\"\nif [ -f \"$PLIST\" ]; then\n  /usr/libexec/PlistBuddy -c \"Add :LSApplicationCategory string public.app-category.healthcare-fitness\" \"$PLIST\" 2>/dev/null || /usr/libexec/PlistBuddy -c \"Set :LSApplicationCategory public.app-category.healthcare-fitness\" \"$PLIST\"\nfi\n";
		};
/* End PBXShellScriptBuildPhase section */

/* Begin PBXSourcesBuildPhase section */
		2FF204402F427AE600AD0B00 /* Sources */ = {
			isa = PBXSourcesBuildPhase;
			buildActionMask = 2147483647;
			files = (
			);
			runOnlyForDeploymentPostprocessing = 0;
		};
		2FF2044D2F427AEA00AD0B00 /* Sources */ = {
			isa = PBXSourcesBuildPhase;
			buildActionMask = 2147483647;
			files = (
			);
			runOnlyForDeploymentPostprocessing = 0;
		};
		2FF204572F427AEA00AD0B00 /* Sources */ = {
			isa = PBXSourcesBuildPhase;
			buildActionMask = 2147483647;
			files = (
			);
			runOnlyForDeploymentPostprocessing = 0;
		};
		2FF206032F427B0000AD0B00 /* Sources */ = {
			isa = PBXSourcesBuildPhase;
			buildActionMask = 2147483647;
			files = (
			);
			runOnlyForDeploymentPostprocessing = 0;
		};
/* End PBXSourcesBuildPhase section */

/* Begin PBXTargetDependency section */
		2FF204532F427AEA00AD0B00 /* PBXTargetDependency */ = {
			isa = PBXTargetDependency;
			target = 2FF204432F427AE600AD0B00 /* WODrounds */;
			targetProxy = 2FF204522F427AEA00AD0B00 /* PBXContainerItemProxy */;
		};
		2FF2045D2F427AEA00AD0B00 /* PBXTargetDependency */ = {
			isa = PBXTargetDependency;
			target = 2FF204432F427AE600AD0B00 /* WODrounds */;
			targetProxy = 2FF2045C2F427AEA00AD0B00 /* PBXContainerItemProxy */;
		};
		2FF206092F427B0000AD0B00 /* PBXTargetDependency */ = {
			isa = PBXTargetDependency;
			platformFilter = ios;
			target = 2FF206082F427B0000AD0B00 /* WODrounds Watch */;
			targetProxy = 2FF2060A2F427B0000AD0B00 /* PBXContainerItemProxy */;
		};
/* End PBXTargetDependency section */

/* Begin XCBuildConfiguration section */
		2FF204632F427AEA00AD0B00 /* Debug */ = {
			isa = XCBuildConfiguration;
			buildSettings = {
				ALWAYS_SEARCH_USER_PATHS = NO;
				ASSETCATALOG_COMPILER_GENERATE_SWIFT_ASSET_SYMBOL_EXTENSIONS = YES;
				CLANG_ANALYZER_LOCALIZABILITY_NONLOCALIZED = YES;
				CLANG_ANALYZER_NONNULL = YES;
				CLANG_ANALYZER_NUMBER_OBJECT_CONVERSION = YES_AGGRESSIVE;
				CLANG_CXX_LANGUAGE_STANDARD = "gnu++20";
				CLANG_ENABLE_MODULES = YES;
				CLANG_ENABLE_OBJC_ARC = YES;
				CLANG_ENABLE_OBJC_WEAK = YES;
				CLANG_WARN_BLOCK_CAPTURE_AUTORELEASING = YES;
				CLANG_WARN_BOOL_CONVERSION = YES;
				CLANG_WARN_COMMA = YES;
				CLANG_WARN_CONSTANT_CONVERSION = YES;
				CLANG_WARN_DEPRECATED_OBJC_IMPLEMENTATIONS = YES;
				CLANG_WARN_DIRECT_OBJC_ISA_USAGE = YES_ERROR;
				CLANG_WARN_DOCUMENTATION_COMMENTS = YES;
				CLANG_WARN_EMPTY_BODY = YES;
				CLANG_WARN_ENUM_CONVERSION = YES;
				CLANG_WARN_INFINITE_RECURSION = YES;
				CLANG_WARN_INT_CONVERSION = YES;
				CLANG_WARN_NON_LITERAL_NULL_CONVERSION = YES;
				CLANG_WARN_OBJC_IMPLICIT_RETAIN_SELF = YES;
				CLANG_WARN_OBJC_LITERAL_CONVERSION = YES;
				CLANG_WARN_OBJC_ROOT_CLASS = YES_ERROR;
				CLANG_WARN_QUOTED_INCLUDE_IN_FRAMEWORK_HEADER = YES;
				CLANG_WARN_RANGE_LOOP_ANALYSIS = YES;
				CLANG_WARN_STRICT_PROTOTYPES = YES;
				CLANG_WARN_SUSPICIOUS_MOVE = YES;
				CLANG_WARN_UNGUARDED_AVAILABILITY = YES_AGGRESSIVE;
				CLANG_WARN_UNREACHABLE_CODE = YES;
				CLANG_WARN__DUPLICATE_METHOD_MATCH = YES;
				COPY_PHASE_STRIP = NO;
				DEAD_CODE_STRIPPING = YES;
				DEBUG_INFORMATION_FORMAT = dwarf;
				DEVELOPMENT_TEAM = KDWZ3WNLDK;
				ENABLE_STRICT_OBJC_MSGSEND = YES;
				ENABLE_TESTABILITY = YES;
				ENABLE_USER_SCRIPT_SANDBOXING = YES;
				GCC_C_LANGUAGE_STANDARD = gnu17;
				GCC_DYNAMIC_NO_PIC = NO;
				GCC_NO_COMMON_BLOCKS = YES;
				GCC_OPTIMIZATION_LEVEL = 0;
				GCC_PREPROCESSOR_DEFINITIONS = (
					"DEBUG=1",
					"$(inherited)",
				);
				GCC_WARN_64_TO_32_BIT_CONVERSION = YES;
				GCC_WARN_ABOUT_RETURN_TYPE = YES_ERROR;
				GCC_WARN_UNDECLARED_SELECTOR = YES;
				GCC_WARN_UNINITIALIZED_AUTOS = YES_AGGRESSIVE;
				GCC_WARN_UNUSED_FUNCTION = YES;
				GCC_WARN_UNUSED_VARIABLE = YES;
				LOCALIZATION_PREFERS_STRING_CATALOGS = YES;
				MTL_ENABLE_DEBUG_INFO = INCLUDE_SOURCE;
				MTL_FAST_MATH = YES;
				ONLY_ACTIVE_ARCH = YES;
				STRING_CATALOG_GENERATE_SYMBOLS = YES;
				SWIFT_ACTIVE_COMPILATION_CONDITIONS = "DEBUG $(inherited)";
				SWIFT_OPTIMIZATION_LEVEL = "-Onone";
			};
			name = Debug;
		};
		2FF204642F427AEA00AD0B00 /* Release */ = {
			isa = XCBuildConfiguration;
			buildSettings = {
				ALWAYS_SEARCH_USER_PATHS = NO;
				ASSETCATALOG_COMPILER_GENERATE_SWIFT_ASSET_SYMBOL_EXTENSIONS = YES;
				CLANG_ANALYZER_LOCALIZABILITY_NONLOCALIZED = YES;
				CLANG_ANALYZER_NONNULL = YES;
				CLANG_ANALYZER_NUMBER_OBJECT_CONVERSION = YES_AGGRESSIVE;
				CLANG_CXX_LANGUAGE_STANDARD = "gnu++20";
				CLANG_ENABLE_MODULES = YES;
				CLANG_ENABLE_OBJC_ARC = YES;
				CLANG_ENABLE_OBJC_WEAK = YES;
				CLANG_WARN_BLOCK_CAPTURE_AUTORELEASING = YES;
				CLANG_WARN_BOOL_CONVERSION = YES;
				CLANG_WARN_COMMA = YES;
				CLANG_WARN_CONSTANT_CONVERSION = YES;
				CLANG_WARN_DEPRECATED_OBJC_IMPLEMENTATIONS = YES;
				CLANG_WARN_DIRECT_OBJC_ISA_USAGE = YES_ERROR;
				CLANG_WARN_DOCUMENTATION_COMMENTS = YES;
				CLANG_WARN_EMPTY_BODY = YES;
				CLANG_WARN_ENUM_CONVERSION = YES;
				CLANG_WARN_INFINITE_RECURSION = YES;
				CLANG_WARN_INT_CONVERSION = YES;
				CLANG_WARN_NON_LITERAL_NULL_CONVERSION = YES;
				CLANG_WARN_OBJC_IMPLICIT_RETAIN_SELF = YES;
				CLANG_WARN_OBJC_LITERAL_CONVERSION = YES;
				CLANG_WARN_OBJC_ROOT_CLASS = YES_ERROR;
				CLANG_WARN_QUOTED_INCLUDE_IN_FRAMEWORK_HEADER = YES;
				CLANG_WARN_RANGE_LOOP_ANALYSIS = YES;
				CLANG_WARN_STRICT_PROTOTYPES = YES;
				CLANG_WARN_SUSPICIOUS_MOVE = YES;
				CLANG_WARN_UNGUARDED_AVAILABILITY = YES_AGGRESSIVE;
				CLANG_WARN_UNREACHABLE_CODE = YES;
				CLANG_WARN__DUPLICATE_METHOD_MATCH = YES;
				COPY_PHASE_STRIP = NO;
				DEAD_CODE_STRIPPING = YES;
				DEBUG_INFORMATION_FORMAT = "dwarf-with-dsym";
				DEVELOPMENT_TEAM = KDWZ3WNLDK;
				ENABLE_NS_ASSERTIONS = NO;
				ENABLE_STRICT_OBJC_MSGSEND = YES;
				ENABLE_USER_SCRIPT_SANDBOXING = YES;
				GCC_C_LANGUAGE_STANDARD = gnu17;
				GCC_NO_COMMON_BLOCKS = YES;
				GCC_WARN_64_TO_32_BIT_CONVERSION = YES;
				GCC_WARN_ABOUT_RETURN_TYPE = YES_ERROR;
				GCC_WARN_UNDECLARED_SELECTOR = YES;
				GCC_WARN_UNINITIALIZED_AUTOS = YES_AGGRESSIVE;
				GCC_WARN_UNUSED_FUNCTION = YES;
				GCC_WARN_UNUSED_VARIABLE = YES;
				LOCALIZATION_PREFERS_STRING_CATALOGS = YES;
				MTL_ENABLE_DEBUG_INFO = NO;
				MTL_FAST_MATH = YES;
				STRING_CATALOG_GENERATE_SYMBOLS = YES;
				SWIFT_COMPILATION_MODE = wholemodule;
			};
			name = Release;
		};
		2FF204662F427AEA00AD0B00 /* Debug */ = {
			isa = XCBuildConfiguration;
			baseConfigurationReference = 2FF206142F427B0000AD0B00 /* Sentry.xcconfig */;
			buildSettings = {
				ASSETCATALOG_COMPILER_APPICON_NAME = AppIcon;
				ASSETCATALOG_COMPILER_GLOBAL_ACCENT_COLOR_NAME = AccentColor;
				CODE_SIGN_ENTITLEMENTS = WODrounds/WODrounds.entitlements;
				"CODE_SIGN_ENTITLEMENTS[sdk=appletvos*]" = "WODrounds/WODrounds-tvOS.entitlements";
				"CODE_SIGN_ENTITLEMENTS[sdk=macosx*]" = "WODrounds/WODrounds-Mac.entitlements";
				CODE_SIGN_STYLE = Automatic;
				CURRENT_PROJECT_VERSION = 17;
				DEAD_CODE_STRIPPING = YES;
				DEVELOPMENT_TEAM = KDWZ3WNLDK;
				ENABLE_APP_SANDBOX = YES;
				ENABLE_HARDENED_RUNTIME = YES;
				ENABLE_PREVIEWS = YES;
				ENABLE_USER_SELECTED_FILES = readonly;
				GENERATE_INFOPLIST_FILE = YES;
				INFOPLIST_FILE = Info.plist;
				"INFOPLIST_FILE[sdk=appletvos*]" = "Info-tvOS.plist";
				"INFOPLIST_FILE[sdk=appletvsimulator*]" = "Info-tvOS.plist";
				INFOPLIST_KEY_ITSAppUsesNonExemptEncryption = NO;
				INFOPLIST_KEY_LSApplicationCategoryType = "public.app-category.healthcare-fitness";
				INFOPLIST_KEY_SentryDSN = "$(SENTRY_DSN)";
				"INFOPLIST_KEY_UIApplicationSceneManifest_Generation[sdk=iphoneos*]" = YES;
				"INFOPLIST_KEY_UIApplicationSceneManifest_Generation[sdk=iphonesimulator*]" = YES;
				"INFOPLIST_KEY_UIApplicationSupportsIndirectInputEvents[sdk=iphoneos*]" = YES;
				"INFOPLIST_KEY_UIApplicationSupportsIndirectInputEvents[sdk=iphonesimulator*]" = YES;
				"INFOPLIST_KEY_UILaunchScreen_Generation[sdk=iphoneos*]" = YES;
				"INFOPLIST_KEY_UILaunchScreen_Generation[sdk=iphonesimulator*]" = YES;
				"INFOPLIST_KEY_UIStatusBarStyle[sdk=iphoneos*]" = UIStatusBarStyleDefault;
				"INFOPLIST_KEY_UIStatusBarStyle[sdk=iphonesimulator*]" = UIStatusBarStyleDefault;
				INFOPLIST_KEY_UISupportedInterfaceOrientations = UIInterfaceOrientationPortrait;
				INFOPLIST_KEY_UISupportedInterfaceOrientations_iPad = "UIInterfaceOrientationLandscapeLeft UIInterfaceOrientationLandscapeRight UIInterfaceOrientationPortrait UIInterfaceOrientationPortraitUpsideDown";
				IPHONEOS_DEPLOYMENT_TARGET = 16.0;
				LD_RUNPATH_SEARCH_PATHS = "@executable_path/Frameworks";
				"LD_RUNPATH_SEARCH_PATHS[sdk=macosx*]" = "@executable_path/../Frameworks";
				MACOSX_DEPLOYMENT_TARGET = 13.0;
				MARKETING_VERSION = 1.6.1;
				PRODUCT_BUNDLE_IDENTIFIER = com.iamjarl.WODrounds;
				PRODUCT_NAME = "$(TARGET_NAME)";
				REGISTER_APP_GROUPS = NO;
				SDKROOT = auto;
				STRING_CATALOG_GENERATE_SYMBOLS = YES;
				SUPPORTED_PLATFORMS = "iphoneos iphonesimulator macosx appletvos appletvsimulator";
				SWIFT_APPROACHABLE_CONCURRENCY = YES;
				SWIFT_DEFAULT_ACTOR_ISOLATION = MainActor;
				SWIFT_EMIT_LOC_STRINGS = YES;
				SWIFT_UPCOMING_FEATURE_MEMBER_IMPORT_VISIBILITY = YES;
				SWIFT_VERSION = 5.0;
				TARGETED_DEVICE_FAMILY = "1,2,3";
				TVOS_DEPLOYMENT_TARGET = 17.0;
			};
			name = Debug;
		};
		2FF204672F427AEA00AD0B00 /* Release */ = {
			isa = XCBuildConfiguration;
			baseConfigurationReference = 2FF206142F427B0000AD0B00 /* Sentry.xcconfig */;
			buildSettings = {
				ASSETCATALOG_COMPILER_APPICON_NAME = AppIcon;
				ASSETCATALOG_COMPILER_GLOBAL_ACCENT_COLOR_NAME = AccentColor;
				CODE_SIGN_ENTITLEMENTS = WODrounds/WODrounds.entitlements;
				"CODE_SIGN_ENTITLEMENTS[sdk=appletvos*]" = "WODrounds/WODrounds-tvOS.entitlements";
				"CODE_SIGN_ENTITLEMENTS[sdk=macosx*]" = "WODrounds/WODrounds-Mac.entitlements";
				CODE_SIGN_STYLE = Automatic;
				CURRENT_PROJECT_VERSION = 17;
				DEAD_CODE_STRIPPING = YES;
				DEVELOPMENT_TEAM = KDWZ3WNLDK;
				ENABLE_APP_SANDBOX = YES;
				ENABLE_HARDENED_RUNTIME = YES;
				ENABLE_PREVIEWS = YES;
				ENABLE_USER_SELECTED_FILES = readonly;
				GENERATE_INFOPLIST_FILE = YES;
				INFOPLIST_FILE = Info.plist;
				"INFOPLIST_FILE[sdk=appletvos*]" = "Info-tvOS.plist";
				"INFOPLIST_FILE[sdk=appletvsimulator*]" = "Info-tvOS.plist";
				INFOPLIST_KEY_ITSAppUsesNonExemptEncryption = NO;
				INFOPLIST_KEY_LSApplicationCategoryType = "public.app-category.healthcare-fitness";
				INFOPLIST_KEY_SentryDSN = "$(SENTRY_DSN)";
				"INFOPLIST_KEY_UIApplicationSceneManifest_Generation[sdk=iphoneos*]" = YES;
				"INFOPLIST_KEY_UIApplicationSceneManifest_Generation[sdk=iphonesimulator*]" = YES;
				"INFOPLIST_KEY_UIApplicationSupportsIndirectInputEvents[sdk=iphoneos*]" = YES;
				"INFOPLIST_KEY_UIApplicationSupportsIndirectInputEvents[sdk=iphonesimulator*]" = YES;
				"INFOPLIST_KEY_UILaunchScreen_Generation[sdk=iphoneos*]" = YES;
				"INFOPLIST_KEY_UILaunchScreen_Generation[sdk=iphonesimulator*]" = YES;
				"INFOPLIST_KEY_UIStatusBarStyle[sdk=iphoneos*]" = UIStatusBarStyleDefault;
				"INFOPLIST_KEY_UIStatusBarStyle[sdk=iphonesimulator*]" = UIStatusBarStyleDefault;
				INFOPLIST_KEY_UISupportedInterfaceOrientations = UIInterfaceOrientationPortrait;
				INFOPLIST_KEY_UISupportedInterfaceOrientations_iPad = "UIInterfaceOrientationLandscapeLeft UIInterfaceOrientationLandscapeRight UIInterfaceOrientationPortrait UIInterfaceOrientationPortraitUpsideDown";
				IPHONEOS_DEPLOYMENT_TARGET = 16.0;
				LD_RUNPATH_SEARCH_PATHS = "@executable_path/Frameworks";
				"LD_RUNPATH_SEARCH_PATHS[sdk=macosx*]" = "@executable_path/../Frameworks";
				MACOSX_DEPLOYMENT_TARGET = 13.0;
				MARKETING_VERSION = 1.6.1;
				PRODUCT_BUNDLE_IDENTIFIER = com.iamjarl.WODrounds;
				PRODUCT_NAME = "$(TARGET_NAME)";
				REGISTER_APP_GROUPS = NO;
				SDKROOT = auto;
				STRING_CATALOG_GENERATE_SYMBOLS = YES;
				SUPPORTED_PLATFORMS = "iphoneos iphonesimulator macosx appletvos appletvsimulator";
				SWIFT_APPROACHABLE_CONCURRENCY = YES;
				SWIFT_DEFAULT_ACTOR_ISOLATION = MainActor;
				SWIFT_EMIT_LOC_STRINGS = YES;
				SWIFT_UPCOMING_FEATURE_MEMBER_IMPORT_VISIBILITY = YES;
				SWIFT_VERSION = 5.0;
				TARGETED_DEVICE_FAMILY = "1,2,3";
				TVOS_DEPLOYMENT_TARGET = 17.0;
			};
			name = Release;
		};
		2FF204692F427AEA00AD0B00 /* Debug */ = {
			isa = XCBuildConfiguration;
			buildSettings = {
				BUNDLE_LOADER = "$(TEST_HOST)";
				CODE_SIGN_STYLE = Automatic;
				CURRENT_PROJECT_VERSION = 17;
				DEAD_CODE_STRIPPING = YES;
				DEVELOPMENT_TEAM = KDWZ3WNLDK;
				GENERATE_INFOPLIST_FILE = YES;
				IPHONEOS_DEPLOYMENT_TARGET = 16.0;
				MACOSX_DEPLOYMENT_TARGET = 13.0;
				MARKETING_VERSION = 1.6.1;
				PRODUCT_BUNDLE_IDENTIFIER = com.iamjarl.WODroundsTests;
				PRODUCT_NAME = "$(TARGET_NAME)";
				SDKROOT = auto;
				STRING_CATALOG_GENERATE_SYMBOLS = NO;
				SUPPORTED_PLATFORMS = "iphoneos iphonesimulator macosx appletvos appletvsimulator";
				SWIFT_APPROACHABLE_CONCURRENCY = YES;
				SWIFT_EMIT_LOC_STRINGS = NO;
				SWIFT_UPCOMING_FEATURE_MEMBER_IMPORT_VISIBILITY = YES;
				SWIFT_VERSION = 5.0;
				TARGETED_DEVICE_FAMILY = "1,2";
				TEST_HOST = "$(BUILT_PRODUCTS_DIR)/WODrounds.app/$(BUNDLE_EXECUTABLE_FOLDER_PATH)/WODrounds";
			};
			name = Debug;
		};
		2FF2046A2F427AEA00AD0B00 /* Release */ = {
			isa = XCBuildConfiguration;
			buildSettings = {
				BUNDLE_LOADER = "$(TEST_HOST)";
				CODE_SIGN_STYLE = Automatic;
				CURRENT_PROJECT_VERSION = 17;
				DEAD_CODE_STRIPPING = YES;
				DEVELOPMENT_TEAM = KDWZ3WNLDK;
				GENERATE_INFOPLIST_FILE = YES;
				IPHONEOS_DEPLOYMENT_TARGET = 16.0;
				MACOSX_DEPLOYMENT_TARGET = 13.0;
				MARKETING_VERSION = 1.6.1;
				PRODUCT_BUNDLE_IDENTIFIER = com.iamjarl.WODroundsTests;
				PRODUCT_NAME = "$(TARGET_NAME)";
				SDKROOT = auto;
				STRING_CATALOG_GENERATE_SYMBOLS = NO;
				SUPPORTED_PLATFORMS = "iphoneos iphonesimulator macosx appletvos appletvsimulator";
				SWIFT_APPROACHABLE_CONCURRENCY = YES;
				SWIFT_EMIT_LOC_STRINGS = NO;
				SWIFT_UPCOMING_FEATURE_MEMBER_IMPORT_VISIBILITY = YES;
				SWIFT_VERSION = 5.0;
				TARGETED_DEVICE_FAMILY = "1,2";
				TEST_HOST = "$(BUILT_PRODUCTS_DIR)/WODrounds.app/$(BUNDLE_EXECUTABLE_FOLDER_PATH)/WODrounds";
			};
			name = Release;
		};
		2FF2046C2F427AEA00AD0B00 /* Debug */ = {
			isa = XCBuildConfiguration;
			buildSettings = {
				CODE_SIGN_STYLE = Automatic;
				CURRENT_PROJECT_VERSION = 17;
				DEAD_CODE_STRIPPING = YES;
				DEVELOPMENT_TEAM = KDWZ3WNLDK;
				GENERATE_INFOPLIST_FILE = YES;
				IPHONEOS_DEPLOYMENT_TARGET = 16.0;
				MACOSX_DEPLOYMENT_TARGET = 13.0;
				MARKETING_VERSION = 1.6.1;
				PRODUCT_BUNDLE_IDENTIFIER = com.iamjarl.WODroundsUITests;
				PRODUCT_NAME = "$(TARGET_NAME)";
				SDKROOT = auto;
				STRING_CATALOG_GENERATE_SYMBOLS = NO;
				SUPPORTED_PLATFORMS = "iphoneos iphonesimulator macosx appletvos appletvsimulator";
				SWIFT_APPROACHABLE_CONCURRENCY = YES;
				SWIFT_EMIT_LOC_STRINGS = NO;
				SWIFT_UPCOMING_FEATURE_MEMBER_IMPORT_VISIBILITY = YES;
				SWIFT_VERSION = 5.0;
				TARGETED_DEVICE_FAMILY = "1,2";
				TEST_TARGET_NAME = WODrounds;
			};
			name = Debug;
		};
		2FF2046D2F427AEA00AD0B00 /* Release */ = {
			isa = XCBuildConfiguration;
			buildSettings = {
				CODE_SIGN_STYLE = Automatic;
				CURRENT_PROJECT_VERSION = 17;
				DEAD_CODE_STRIPPING = YES;
				DEVELOPMENT_TEAM = KDWZ3WNLDK;
				GENERATE_INFOPLIST_FILE = YES;
				IPHONEOS_DEPLOYMENT_TARGET = 16.0;
				MACOSX_DEPLOYMENT_TARGET = 13.0;
				MARKETING_VERSION = 1.6.1;
				PRODUCT_BUNDLE_IDENTIFIER = com.iamjarl.WODroundsUITests;
				PRODUCT_NAME = "$(TARGET_NAME)";
				SDKROOT = auto;
				STRING_CATALOG_GENERATE_SYMBOLS = NO;
				SUPPORTED_PLATFORMS = "iphoneos iphonesimulator macosx appletvos appletvsimulator";
				SWIFT_APPROACHABLE_CONCURRENCY = YES;
				SWIFT_EMIT_LOC_STRINGS = NO;
				SWIFT_UPCOMING_FEATURE_MEMBER_IMPORT_VISIBILITY = YES;
				SWIFT_VERSION = 5.0;
				TARGETED_DEVICE_FAMILY = "1,2";
				TEST_TARGET_NAME = WODrounds;
			};
			name = Release;
		};
		2FF2060B2F427B0000AD0B00 /* Debug */ = {
			isa = XCBuildConfiguration;
			buildSettings = {
				ASSETCATALOG_COMPILER_APPICON_NAME = AppIcon;
				ASSETCATALOG_COMPILER_GLOBAL_ACCENT_COLOR_NAME = AccentColor;
				CODE_SIGN_ENTITLEMENTS = WODroundsWatch/WODroundsWatch.entitlements;
				CODE_SIGN_STYLE = Automatic;
				CURRENT_PROJECT_VERSION = 17;
				DEVELOPMENT_TEAM = KDWZ3WNLDK;
				GENERATE_INFOPLIST_FILE = YES;
				INFOPLIST_FILE = "WODroundsWatch-Info.plist";
				INFOPLIST_KEY_CFBundleIconName = AppIcon;
				INFOPLIST_KEY_LSApplicationCategory = "public.app-category.healthcare-fitness";
				INFOPLIST_KEY_WKCompanionAppBundleIdentifier = com.iamjarl.WODrounds;
				MARKETING_VERSION = 1.6.1;
				PRODUCT_BUNDLE_IDENTIFIER = com.iamjarl.WODrounds.watchkitapp;
				PRODUCT_NAME = "$(TARGET_NAME)";
				SDKROOT = watchos;
				SKIP_INSTALL = YES;
				STRING_CATALOG_GENERATE_SYMBOLS = YES;
				SWIFT_EMIT_LOC_STRINGS = YES;
				SWIFT_VERSION = 5.0;
				TARGETED_DEVICE_FAMILY = 4;
				WATCHOS_DEPLOYMENT_TARGET = 9.0;
			};
			name = Debug;
		};
		2FF2060C2F427B0000AD0B00 /* Release */ = {
			isa = XCBuildConfiguration;
			buildSettings = {
				ASSETCATALOG_COMPILER_APPICON_NAME = AppIcon;
				ASSETCATALOG_COMPILER_GLOBAL_ACCENT_COLOR_NAME = AccentColor;
				CODE_SIGN_ENTITLEMENTS = WODroundsWatch/WODroundsWatch.entitlements;
				CODE_SIGN_STYLE = Automatic;
				CURRENT_PROJECT_VERSION = 17;
				DEVELOPMENT_TEAM = KDWZ3WNLDK;
				GENERATE_INFOPLIST_FILE = YES;
				INFOPLIST_FILE = "WODroundsWatch-Info.plist";
				INFOPLIST_KEY_CFBundleIconName = AppIcon;
				INFOPLIST_KEY_LSApplicationCategory = "public.app-category.healthcare-fitness";
				INFOPLIST_KEY_WKCompanionAppBundleIdentifier = com.iamjarl.WODrounds;
				MARKETING_VERSION = 1.6.1;
				PRODUCT_BUNDLE_IDENTIFIER = com.iamjarl.WODrounds.watchkitapp;
				PRODUCT_NAME = "$(TARGET_NAME)";
				SDKROOT = watchos;
				SKIP_INSTALL = YES;
				STRING_CATALOG_GENERATE_SYMBOLS = YES;
				SWIFT_EMIT_LOC_STRINGS = YES;
				SWIFT_VERSION = 5.0;
				TARGETED_DEVICE_FAMILY = 4;
				WATCHOS_DEPLOYMENT_TARGET = 9.0;
			};
			name = Release;
		};
/* End XCBuildConfiguration section */

/* Begin XCConfigurationList section */
		2FF2043F2F427AE600AD0B00 /* Build configuration list for PBXProject "WODrounds" */ = {
			isa = XCConfigurationList;
			buildConfigurations = (
				2FF204632F427AEA00AD0B00 /* Debug */,
				2FF204642F427AEA00AD0B00 /* Release */,
			);
			defaultConfigurationIsVisible = 0;
			defaultConfigurationName = Release;
		};
		2FF204652F427AEA00AD0B00 /* Build configuration list for PBXNativeTarget "WODrounds" */ = {
			isa = XCConfigurationList;
			buildConfigurations = (
				2FF204662F427AEA00AD0B00 /* Debug */,
				2FF204672F427AEA00AD0B00 /* Release */,
			);
			defaultConfigurationIsVisible = 0;
			defaultConfigurationName = Release;
		};
		2FF204682F427AEA00AD0B00 /* Build configuration list for PBXNativeTarget "WODroundsTests" */ = {
			isa = XCConfigurationList;
			buildConfigurations = (
				2FF204692F427AEA00AD0B00 /* Debug */,
				2FF2046A2F427AEA00AD0B00 /* Release */,
			);
			defaultConfigurationIsVisible = 0;
			defaultConfigurationName = Release;
		};
		2FF2046B2F427AEA00AD0B00 /* Build configuration list for PBXNativeTarget "WODroundsUITests" */ = {
			isa = XCConfigurationList;
			buildConfigurations = (
				2FF2046C2F427AEA00AD0B00 /* Debug */,
				2FF2046D2F427AEA00AD0B00 /* Release */,
			);
			defaultConfigurationIsVisible = 0;
			defaultConfigurationName = Release;
		};
		2FF2060D2F427B0000AD0B00 /* Build configuration list for PBXNativeTarget "WODrounds Watch" */ = {
			isa = XCConfigurationList;
			buildConfigurations = (
				2FF2060B2F427B0000AD0B00 /* Debug */,
				2FF2060C2F427B0000AD0B00 /* Release */,
			);
			defaultConfigurationIsVisible = 0;
			defaultConfigurationName = Release;
		};
/* End XCConfigurationList section */

/* Begin XCRemoteSwiftPackageReference section */
		2FA1B2C42F60000000000001 /* XCRemoteSwiftPackageReference "iamjarl-design" */ = {
			isa = XCRemoteSwiftPackageReference;
			repositoryURL = "https://github.com/jarllyng/iamjarl-design.git";
			requirement = {
				kind = upToNextMajorVersion;
				minimumVersion = 0.2.0;
			};
		};
		2FF206152F427B0000AD0B00 /* XCRemoteSwiftPackageReference "sentry-cocoa" */ = {
			isa = XCRemoteSwiftPackageReference;
			repositoryURL = "https://github.com/getsentry/sentry-cocoa";
			requirement = {
				kind = upToNextMajorVersion;
				minimumVersion = 8.0.0;
			};
		};
/* End XCRemoteSwiftPackageReference section */

/* Begin XCSwiftPackageProductDependency section */
		2FA1B2C42F60000000000002 /* IAMJARLDesignTokens */ = {
			isa = XCSwiftPackageProductDependency;
			package = 2FA1B2C42F60000000000001 /* XCRemoteSwiftPackageReference "iamjarl-design" */;
			productName = IAMJARLDesignTokens;
		};
		2FA1B2C42F60000000000003 /* IAMJARLDesignTokens */ = {
			isa = XCSwiftPackageProductDependency;
			package = 2FA1B2C42F60000000000001 /* XCRemoteSwiftPackageReference "iamjarl-design" */;
			productName = IAMJARLDesignTokens;
		};
		2FF206162F427B0000AD0B00 /* Sentry-Dynamic */ = {
			isa = XCSwiftPackageProductDependency;
			package = 2FF206152F427B0000AD0B00 /* XCRemoteSwiftPackageReference "sentry-cocoa" */;
			productName = "Sentry-Dynamic";
		};
/* End XCSwiftPackageProductDependency section */
	};
	rootObject = 2FF2043C2F427AE600AD0B00 /* Project object */;
}
